
Microsoft Visual Studio Solution File, Format Version 12.00
# Visual Studio Version 17
VisualStudioVersion = 17.4.33213.308
MinimumVisualStudioVersion = 10.0.40219.1
Project("{FAE04EC0-301F-11D3-BF4B-00C04F79EFBC}") = "Exercicio5", "Exercicio5\Exercicio5.csproj", "{1ED3777A-EE47-4B9D-98BB-36D2BDC3CB22}"
EndProject
Global
	GlobalSection(SolutionConfigurationPlatforms) = preSolution
		Debug|Any CPU = Debug|Any CPU
		Release|Any CPU = Release|Any CPU
	EndGlobalSection
	GlobalSection(ProjectConfigurationPlatforms) = postSolution
		{1ED3777A-EE47-4B9D-98BB-36D2BDC3CB22}.Debug|Any CPU.ActiveCfg = Debug|Any CPU
		{1ED3777A-EE47-4B9D-98BB-36D2BDC3CB22}.Debug|Any CPU.Build.0 = Debug|Any CPU
		{1ED3777A-EE47-4B9D-98BB-36D2BDC3CB22}.Release|Any CPU.ActiveCfg = Release|Any CPU
		{1ED3777A-EE47-4B9D-98BB-36D2BDC3CB22}.Release|Any CPU.Build.0 = Release|Any CPU
	EndGlobalSection
	GlobalSection(SolutionProperties) = preSolution
		HideSolutionNode = FALSE
	EndGlobalSection
	GlobalSection(ExtensibilityGlobals) = postSolution
		SolutionGuid = {DC4898EE-6A20-4396-8ABA-92D6925F1193}
	EndGlobalSection
EndGlobal
